
Microsoft Visual Studio Solution File, Format Version 12.00
# Visual Studio Version 17
VisualStudioVersion = 17.5.33424.131
MinimumVisualStudioVersion = 10.0.40219.1
Project("{FAE04EC0-301F-11D3-BF4B-00C04F79EFBC}") = "Excel_worksheet_API", "Excel_worksheet_API\Excel_worksheet_API.csproj", "{BD7B97F3-F21E-4FFB-BF15-1DAE7ED7B787}"
EndProject
Global
	GlobalSection(SolutionConfigurationPlatforms) = preSolution
		Debug|Any CPU = Debug|Any CPU
		Release|Any CPU = Release|Any CPU
	EndGlobalSection
	GlobalSection(ProjectConfigurationPlatforms) = postSolution
		{BD7B97F3-F21E-4FFB-BF15-1DAE7ED7B787}.Debug|Any CPU.ActiveCfg = Debug|Any CPU
		{BD7B97F3-F21E-4FFB-BF15-1DAE7ED7B787}.Debug|Any CPU.Build.0 = Debug|Any CPU
		{BD7B97F3-F21E-4FFB-BF15-1DAE7ED7B787}.Release|Any CPU.ActiveCfg = Release|Any CPU
		{BD7B97F3-F21E-4FFB-BF15-1DAE7ED7B787}.Release|Any CPU.Build.0 = Release|Any CPU
	EndGlobalSection
	GlobalSection(SolutionProperties) = preSolution
		HideSolutionNode = FALSE
	EndGlobalSection
	GlobalSection(ExtensibilityGlobals) = postSolution
		SolutionGuid = {C345ACE8-911F-4F30-93F7-19988B6D51C3}
	EndGlobalSection
EndGlobal
